
Microsoft Visual Studio Solution File, Format Version 12.00
# Visual Studio Version 16
VisualStudioVersion = 16.0.32126.315
MinimumVisualStudioVersion = 10.0.40219.1
Project("{FAE04EC0-301F-11D3-BF4B-00C04F79EFBC}") = "Lesson3.1_Mansion", "Lesson3.1_Mansion\Lesson3.1_Mansion.csproj", "{CB38AF36-B83C-44F1-860C-AC04E893F0FF}"
EndProject
Global
	GlobalSection(SolutionConfigurationPlatforms) = preSolution
		Debug|Any CPU = Debug|Any CPU
		Release|Any CPU = Release|Any CPU
	EndGlobalSection
	GlobalSection(ProjectConfigurationPlatforms) = postSolution
		{CB38AF36-B83C-44F1-860C-AC04E893F0FF}.Debug|Any CPU.ActiveCfg = Debug|Any CPU
		{CB38AF36-B83C-44F1-860C-AC04E893F0FF}.Debug|Any CPU.Build.0 = Debug|Any CPU
		{CB38AF36-B83C-44F1-860C-AC04E893F0FF}.Release|Any CPU.ActiveCfg = Release|Any CPU
		{CB38AF36-B83C-44F1-860C-AC04E893F0FF}.Release|Any CPU.Build.0 = Release|Any CPU
	EndGlobalSection
	GlobalSection(SolutionProperties) = preSolution
		HideSolutionNode = FALSE
	EndGlobalSection
	GlobalSection(ExtensibilityGlobals) = postSolution
		SolutionGuid = {EB74882E-D7BF-4A7E-BC50-FB6271688323}
	EndGlobalSection
EndGlobal
