
Microsoft Visual Studio Solution File, Format Version 12.00
# Visual Studio Version 16
VisualStudioVersion = 16.0.32126.315
MinimumVisualStudioVersion = 10.0.40219.1
Project("{FAE04EC0-301F-11D3-BF4B-00C04F79EFBC}") = "Lesson5.1Calc", "Lesson5.1Calc\Lesson5.1Calc.csproj", "{257D2F4F-6AC0-40AC-8F5B-FC5B80C600A3}"
EndProject
Global
	GlobalSection(SolutionConfigurationPlatforms) = preSolution
		Debug|Any CPU = Debug|Any CPU
		Release|Any CPU = Release|Any CPU
	EndGlobalSection
	GlobalSection(ProjectConfigurationPlatforms) = postSolution
		{257D2F4F-6AC0-40AC-8F5B-FC5B80C600A3}.Debug|Any CPU.ActiveCfg = Debug|Any CPU
		{257D2F4F-6AC0-40AC-8F5B-FC5B80C600A3}.Debug|Any CPU.Build.0 = Debug|Any CPU
		{257D2F4F-6AC0-40AC-8F5B-FC5B80C600A3}.Release|Any CPU.ActiveCfg = Release|Any CPU
		{257D2F4F-6AC0-40AC-8F5B-FC5B80C600A3}.Release|Any CPU.Build.0 = Release|Any CPU
	EndGlobalSection
	GlobalSection(SolutionProperties) = preSolution
		HideSolutionNode = FALSE
	EndGlobalSection
	GlobalSection(ExtensibilityGlobals) = postSolution
		SolutionGuid = {F4E6CE69-3FCB-4019-97DD-392E36C2A53A}
	EndGlobalSection
EndGlobal
