
Microsoft Visual Studio Solution File, Format Version 12.00
# Visual Studio Version 16
VisualStudioVersion = 16.0.32126.315
MinimumVisualStudioVersion = 10.0.40219.1
Project("{FAE04EC0-301F-11D3-BF4B-00C04F79EFBC}") = "Lesson2.3", "Lesson2.3\Lesson2.3.csproj", "{841B5EC4-F63D-4A21-970C-0B68776AEB2A}"
EndProject
Global
	GlobalSection(SolutionConfigurationPlatforms) = preSolution
		Debug|Any CPU = Debug|Any CPU
		Release|Any CPU = Release|Any CPU
	EndGlobalSection
	GlobalSection(ProjectConfigurationPlatforms) = postSolution
		{841B5EC4-F63D-4A21-970C-0B68776AEB2A}.Debug|Any CPU.ActiveCfg = Debug|Any CPU
		{841B5EC4-F63D-4A21-970C-0B68776AEB2A}.Debug|Any CPU.Build.0 = Debug|Any CPU
		{841B5EC4-F63D-4A21-970C-0B68776AEB2A}.Release|Any CPU.ActiveCfg = Release|Any CPU
		{841B5EC4-F63D-4A21-970C-0B68776AEB2A}.Release|Any CPU.Build.0 = Release|Any CPU
	EndGlobalSection
	GlobalSection(SolutionProperties) = preSolution
		HideSolutionNode = FALSE
	EndGlobalSection
	GlobalSection(ExtensibilityGlobals) = postSolution
		SolutionGuid = {72FBA78A-31FF-48B9-AA0C-CF4617D2CE89}
	EndGlobalSection
EndGlobal
